
Microsoft Visual Studio Solution File, Format Version 12.00
# Visual Studio Version 16
VisualStudioVersion = 16.0.29926.136
MinimumVisualStudioVersion = 10.0.40219.1
Project("{FAE04EC0-301F-11D3-BF4B-00C04F79EFBC}") = "TechDemoReact", "TechDemoReact\TechDemoReact.csproj", "{0EFFE103-AA70-43AB-8225-ED24ED9BE5A3}"
EndProject
Project("{9A19103F-16F7-4668-BE54-9A1E7A4F7556}") = "TechDemo.Core", "TechDemo.Core\TechDemo.Core.csproj", "{42074D2D-1F2A-4DC1-920C-8AFAB25137EB}"
EndProject
Global
	GlobalSection(SolutionConfigurationPlatforms) = preSolution
		Debug|Any CPU = Debug|Any CPU
		Release|Any CPU = Release|Any CPU
	EndGlobalSection
	GlobalSection(ProjectConfigurationPlatforms) = postSolution
		{0EFFE103-AA70-43AB-8225-ED24ED9BE5A3}.Debug|Any CPU.ActiveCfg = Debug|Any CPU
		{0EFFE103-AA70-43AB-8225-ED24ED9BE5A3}.Debug|Any CPU.Build.0 = Debug|Any CPU
		{0EFFE103-AA70-43AB-8225-ED24ED9BE5A3}.Release|Any CPU.ActiveCfg = Release|Any CPU
		{0EFFE103-AA70-43AB-8225-ED24ED9BE5A3}.Release|Any CPU.Build.0 = Release|Any CPU
		{42074D2D-1F2A-4DC1-920C-8AFAB25137EB}.Debug|Any CPU.ActiveCfg = Debug|Any CPU
		{42074D2D-1F2A-4DC1-920C-8AFAB25137EB}.Debug|Any CPU.Build.0 = Debug|Any CPU
		{42074D2D-1F2A-4DC1-920C-8AFAB25137EB}.Release|Any CPU.ActiveCfg = Release|Any CPU
		{42074D2D-1F2A-4DC1-920C-8AFAB25137EB}.Release|Any CPU.Build.0 = Release|Any CPU
	EndGlobalSection
	GlobalSection(SolutionProperties) = preSolution
		HideSolutionNode = FALSE
	EndGlobalSection
	GlobalSection(ExtensibilityGlobals) = postSolution
		SolutionGuid = {834DB72C-4696-4E61-AD2E-2929CC062AC0}
	EndGlobalSection
EndGlobal
